
Microsoft Visual Studio Solution File, Format Version 12.00
# Visual Studio Version 17
VisualStudioVersion = 17.5.33424.131
MinimumVisualStudioVersion = 10.0.40219.1
Project("{9A19103F-16F7-4668-BE54-9A1E7A4F7556}") = "Kr4", "Kr4\Kr4.csproj", "{D7FB8C85-A386-4D43-8344-8F0E6931AD62}"
EndProject
Global
	GlobalSection(SolutionConfigurationPlatforms) = preSolution
		Debug|Any CPU = Debug|Any CPU
		Release|Any CPU = Release|Any CPU
	EndGlobalSection
	GlobalSection(ProjectConfigurationPlatforms) = postSolution
		{D7FB8C85-A386-4D43-8344-8F0E6931AD62}.Debug|Any CPU.ActiveCfg = Debug|Any CPU
		{D7FB8C85-A386-4D43-8344-8F0E6931AD62}.Debug|Any CPU.Build.0 = Debug|Any CPU
		{D7FB8C85-A386-4D43-8344-8F0E6931AD62}.Release|Any CPU.ActiveCfg = Release|Any CPU
		{D7FB8C85-A386-4D43-8344-8F0E6931AD62}.Release|Any CPU.Build.0 = Release|Any CPU
	EndGlobalSection
	GlobalSection(SolutionProperties) = preSolution
		HideSolutionNode = FALSE
	EndGlobalSection
	GlobalSection(ExtensibilityGlobals) = postSolution
		SolutionGuid = {A3EF7C3A-EE96-44B7-9F15-5330385A8CD7}
	EndGlobalSection
EndGlobal
